
Microsoft Visual Studio Solution File, Format Version 12.00
# Visual Studio Version 16
VisualStudioVersion = 16.0.30413.136
MinimumVisualStudioVersion = 10.0.40219.1
Project("{FAE04EC0-301F-11D3-BF4B-00C04F79EFBC}") = "Traffic", "Traffic.csproj", "{FDC8AB0D-F48C-4592-9007-E24128A0D544}"
EndProject
Global
	GlobalSection(SolutionConfigurationPlatforms) = preSolution
		Debug|Any CPU = Debug|Any CPU
		Release|Any CPU = Release|Any CPU
	EndGlobalSection
	GlobalSection(ProjectConfigurationPlatforms) = postSolution
		{FDC8AB0D-F48C-4592-9007-E24128A0D544}.Debug|Any CPU.ActiveCfg = Debug|Any CPU
		{FDC8AB0D-F48C-4592-9007-E24128A0D544}.Debug|Any CPU.Build.0 = Debug|Any CPU
		{FDC8AB0D-F48C-4592-9007-E24128A0D544}.Release|Any CPU.ActiveCfg = Release|Any CPU
		{FDC8AB0D-F48C-4592-9007-E24128A0D544}.Release|Any CPU.Build.0 = Release|Any CPU
	EndGlobalSection
	GlobalSection(SolutionProperties) = preSolution
		HideSolutionNode = FALSE
	EndGlobalSection
	GlobalSection(ExtensibilityGlobals) = postSolution
		SolutionGuid = {B7DE5A82-DA08-49CA-B3AA-523BE99CD173}
	EndGlobalSection
EndGlobal
