
Microsoft Visual Studio Solution File, Format Version 12.00
# Visual Studio Version 16
VisualStudioVersion = 16.0.30413.136
MinimumVisualStudioVersion = 10.0.40219.1
Project("{FAE04EC0-301F-11D3-BF4B-00C04F79EFBC}") = "MoreVariables3_PE8", "MoreVariables3_PE8.csproj", "{A9BD5C01-0238-4A39-AA57-BA16283B0D40}"
EndProject
Global
	GlobalSection(SolutionConfigurationPlatforms) = preSolution
		Debug|Any CPU = Debug|Any CPU
		Release|Any CPU = Release|Any CPU
	EndGlobalSection
	GlobalSection(ProjectConfigurationPlatforms) = postSolution
		{A9BD5C01-0238-4A39-AA57-BA16283B0D40}.Debug|Any CPU.ActiveCfg = Debug|Any CPU
		{A9BD5C01-0238-4A39-AA57-BA16283B0D40}.Debug|Any CPU.Build.0 = Debug|Any CPU
		{A9BD5C01-0238-4A39-AA57-BA16283B0D40}.Release|Any CPU.ActiveCfg = Release|Any CPU
		{A9BD5C01-0238-4A39-AA57-BA16283B0D40}.Release|Any CPU.Build.0 = Release|Any CPU
	EndGlobalSection
	GlobalSection(SolutionProperties) = preSolution
		HideSolutionNode = FALSE
	EndGlobalSection
	GlobalSection(ExtensibilityGlobals) = postSolution
		SolutionGuid = {CC22127D-E768-45FA-A846-FEA5735E3B19}
	EndGlobalSection
EndGlobal
