
Microsoft Visual Studio Solution File, Format Version 12.00
# Visual Studio Version 16
VisualStudioVersion = 16.0.30413.136
MinimumVisualStudioVersion = 10.0.40219.1
Project("{FAE04EC0-301F-11D3-BF4B-00C04F79EFBC}") = "MemoryGame", "MemoryGame.csproj", "{B7D15D73-8D96-4684-8BAF-E6D1C0D110FA}"
EndProject
Global
	GlobalSection(SolutionConfigurationPlatforms) = preSolution
		Debug|Any CPU = Debug|Any CPU
		Release|Any CPU = Release|Any CPU
	EndGlobalSection
	GlobalSection(ProjectConfigurationPlatforms) = postSolution
		{B7D15D73-8D96-4684-8BAF-E6D1C0D110FA}.Debug|Any CPU.ActiveCfg = Debug|Any CPU
		{B7D15D73-8D96-4684-8BAF-E6D1C0D110FA}.Debug|Any CPU.Build.0 = Debug|Any CPU
		{B7D15D73-8D96-4684-8BAF-E6D1C0D110FA}.Release|Any CPU.ActiveCfg = Release|Any CPU
		{B7D15D73-8D96-4684-8BAF-E6D1C0D110FA}.Release|Any CPU.Build.0 = Release|Any CPU
	EndGlobalSection
	GlobalSection(SolutionProperties) = preSolution
		HideSolutionNode = FALSE
	EndGlobalSection
	GlobalSection(ExtensibilityGlobals) = postSolution
		SolutionGuid = {AB8B849F-3D7C-4979-A470-3B00D6C44316}
	EndGlobalSection
EndGlobal
