
Microsoft Visual Studio Solution File, Format Version 12.00
# Visual Studio Version 16
VisualStudioVersion = 16.0.30413.136
MinimumVisualStudioVersion = 10.0.40219.1
Project("{FAE04EC0-301F-11D3-BF4B-00C04F79EFBC}") = "PetCemetary", "PetCemetary.csproj", "{B63699A6-2164-428F-B0AC-CA5DA075998E}"
EndProject
Global
	GlobalSection(SolutionConfigurationPlatforms) = preSolution
		Debug|Any CPU = Debug|Any CPU
		Release|Any CPU = Release|Any CPU
	EndGlobalSection
	GlobalSection(ProjectConfigurationPlatforms) = postSolution
		{B63699A6-2164-428F-B0AC-CA5DA075998E}.Debug|Any CPU.ActiveCfg = Debug|Any CPU
		{B63699A6-2164-428F-B0AC-CA5DA075998E}.Debug|Any CPU.Build.0 = Debug|Any CPU
		{B63699A6-2164-428F-B0AC-CA5DA075998E}.Release|Any CPU.ActiveCfg = Release|Any CPU
		{B63699A6-2164-428F-B0AC-CA5DA075998E}.Release|Any CPU.Build.0 = Release|Any CPU
	EndGlobalSection
	GlobalSection(SolutionProperties) = preSolution
		HideSolutionNode = FALSE
	EndGlobalSection
	GlobalSection(ExtensibilityGlobals) = postSolution
		SolutionGuid = {D4E64CCC-6847-4A3E-96A9-5685B095E7F5}
	EndGlobalSection
EndGlobal
