
Microsoft Visual Studio Solution File, Format Version 12.00
# Visual Studio Version 16
VisualStudioVersion = 16.0.30413.136
MinimumVisualStudioVersion = 10.0.40219.1
Project("{FAE04EC0-301F-11D3-BF4B-00C04F79EFBC}") = "PeopleLib", "PeopleLib.csproj", "{51E3682B-402C-4482-A344-0BE83D27A1F4}"
EndProject
Global
	GlobalSection(SolutionConfigurationPlatforms) = preSolution
		Debug|Any CPU = Debug|Any CPU
		Release|Any CPU = Release|Any CPU
	EndGlobalSection
	GlobalSection(ProjectConfigurationPlatforms) = postSolution
		{51E3682B-402C-4482-A344-0BE83D27A1F4}.Debug|Any CPU.ActiveCfg = Debug|Any CPU
		{51E3682B-402C-4482-A344-0BE83D27A1F4}.Debug|Any CPU.Build.0 = Debug|Any CPU
		{51E3682B-402C-4482-A344-0BE83D27A1F4}.Release|Any CPU.ActiveCfg = Release|Any CPU
		{51E3682B-402C-4482-A344-0BE83D27A1F4}.Release|Any CPU.Build.0 = Release|Any CPU
	EndGlobalSection
	GlobalSection(SolutionProperties) = preSolution
		HideSolutionNode = FALSE
	EndGlobalSection
	GlobalSection(ExtensibilityGlobals) = postSolution
		SolutionGuid = {E02F487D-1054-4143-AAA3-9CF3B430B690}
	EndGlobalSection
EndGlobal
