
Microsoft Visual Studio Solution File, Format Version 12.00
# Visual Studio Version 16
VisualStudioVersion = 16.0.30413.136
MinimumVisualStudioVersion = 10.0.40219.1
Project("{FAE04EC0-301F-11D3-BF4B-00C04F79EFBC}") = "MoreVariables2_PE8", "MoreVariables2_PE8.csproj", "{C48BA4D4-B919-4F61-9B22-E1DF9D5429C0}"
EndProject
Global
	GlobalSection(SolutionConfigurationPlatforms) = preSolution
		Debug|Any CPU = Debug|Any CPU
		Release|Any CPU = Release|Any CPU
	EndGlobalSection
	GlobalSection(ProjectConfigurationPlatforms) = postSolution
		{C48BA4D4-B919-4F61-9B22-E1DF9D5429C0}.Debug|Any CPU.ActiveCfg = Debug|Any CPU
		{C48BA4D4-B919-4F61-9B22-E1DF9D5429C0}.Debug|Any CPU.Build.0 = Debug|Any CPU
		{C48BA4D4-B919-4F61-9B22-E1DF9D5429C0}.Release|Any CPU.ActiveCfg = Release|Any CPU
		{C48BA4D4-B919-4F61-9B22-E1DF9D5429C0}.Release|Any CPU.Build.0 = Release|Any CPU
	EndGlobalSection
	GlobalSection(SolutionProperties) = preSolution
		HideSolutionNode = FALSE
	EndGlobalSection
	GlobalSection(ExtensibilityGlobals) = postSolution
		SolutionGuid = {113F5138-B4F5-40D3-AE4C-3D801873BBFD}
	EndGlobalSection
EndGlobal
